
Microsoft Visual Studio Solution File, Format Version 12.00
# Visual Studio Version 16
VisualStudioVersion = 16.0.30907.101
MinimumVisualStudioVersion = 10.0.40219.1
Project("{8BC9CEB8-8B4A-11D0-8D11-00A0C91BC942}") = "Kelvin", "Kelvin.vcxproj", "{D65928E2-E3A5-41CB-BBC8-0AFBC97502FA}"
EndProject
Global
	GlobalSection(SolutionConfigurationPlatforms) = preSolution
		Debug|x64 = Debug|x64
		Debug|x86 = Debug|x86
		Release|x64 = Release|x64
		Release|x86 = Release|x86
	EndGlobalSection
	GlobalSection(ProjectConfigurationPlatforms) = postSolution
		{D65928E2-E3A5-41CB-BBC8-0AFBC97502FA}.Debug|x64.ActiveCfg = Debug|x64
		{D65928E2-E3A5-41CB-BBC8-0AFBC97502FA}.Debug|x64.Build.0 = Debug|x64
		{D65928E2-E3A5-41CB-BBC8-0AFBC97502FA}.Debug|x86.ActiveCfg = Debug|Win32
		{D65928E2-E3A5-41CB-BBC8-0AFBC97502FA}.Debug|x86.Build.0 = Debug|Win32
		{D65928E2-E3A5-41CB-BBC8-0AFBC97502FA}.Release|x64.ActiveCfg = Release|x64
		{D65928E2-E3A5-41CB-BBC8-0AFBC97502FA}.Release|x64.Build.0 = Release|x64
		{D65928E2-E3A5-41CB-BBC8-0AFBC97502FA}.Release|x86.ActiveCfg = Release|Win32
		{D65928E2-E3A5-41CB-BBC8-0AFBC97502FA}.Release|x86.Build.0 = Release|Win32
	EndGlobalSection
	GlobalSection(SolutionProperties) = preSolution
		HideSolutionNode = FALSE
	EndGlobalSection
	GlobalSection(ExtensibilityGlobals) = postSolution
		SolutionGuid = {79B4E9FB-3080-439C-9EB8-C5E28566F0F2}
	EndGlobalSection
EndGlobal
